{
  "name": "backend",
  "lockfileVersion": 3,
  "requires": true,
  "packages": {
    "": {
      "dependencies": {
        "supply-backend": "file:.."
      }
    },
    "..": {
      "name": "supply-backend",
      "version": "1.0.0",
      "dependencies": {
        "cors": "^2.8.5",
        "dotenv": "^16.4.5",
        "express": "^4.19.2",
        "mysql2": "^3.9.7"
      },
      "devDependencies": {
        "nodemon": "^3.0.2"
      }
    },
    "node_modules/supply-backend": {
      "resolved": "..",
      "link": true
    }
  }
}
